Microsoft Visual Studio Solution File, Format Version 12.00
# Visual Studio Version 17
VisualStudioVersion = 17.5.2.0
MinimumVisualStudioVersion = 10.0.40219.1
Project("{FAE04EC0-301F-11D3-BF4B-00C04F79EFBC}") = "AnimalShelterApp", "AnimalShelterApp.csproj", "{C95FE32F-A357-0135-2C18-58F9CAA835DF}"
EndProject
Global
	GlobalSection(SolutionConfigurationPlatforms) = preSolution
		Debug|Any CPU = Debug|Any CPU
		Release|Any CPU = Release|Any CPU
	EndGlobalSection
	GlobalSection(ProjectConfigurationPlatforms) = postSolution
		{C95FE32F-A357-0135-2C18-58F9CAA835DF}.Debug|Any CPU.ActiveCfg = Debug|Any CPU
		{C95FE32F-A357-0135-2C18-58F9CAA835DF}.Debug|Any CPU.Build.0 = Debug|Any CPU
		{C95FE32F-A357-0135-2C18-58F9CAA835DF}.Release|Any CPU.ActiveCfg = Release|Any CPU
		{C95FE32F-A357-0135-2C18-58F9CAA835DF}.Release|Any CPU.Build.0 = Release|Any CPU
	EndGlobalSection
	GlobalSection(SolutionProperties) = preSolution
		HideSolutionNode = FALSE
	EndGlobalSection
	GlobalSection(ExtensibilityGlobals) = postSolution
		SolutionGuid = {DB2BBB3D-290A-4CF0-AF53-7C2C3F88ED4D}
	EndGlobalSection
EndGlobal
